
Microsoft Visual Studio Solution File, Format Version 12.00
# Visual Studio 15
Project("{FAE04EC0-301F-11D3-BF4B-00C04F79EFBC}") = "UniHumanoid", "UniHumanoid.csproj", "{9E7027EB-8813-9814-0628-50320E6BDA0B}"
EndProject
Project("{FAE04EC0-301F-11D3-BF4B-00C04F79EFBC}") = "SpringBoneJobs", "SpringBoneJobs.csproj", "{DBD2F5FA-621C-329D-9071-9844BD42216C}"
EndProject
Project("{FAE04EC0-301F-11D3-BF4B-00C04F79EFBC}") = "UniGLTF.Editor", "UniGLTF.Editor.csproj", "{5446A7E8-CFEC-402D-050F-551BDB2A898E}"
EndProject
Project("{FAE04EC0-301F-11D3-BF4B-00C04F79EFBC}") = "UniGLTF", "UniGLTF.csproj", "{3EE864FE-BC88-39BB-4A79-CC2CD1068A29}"
EndProject
Project("{FAE04EC0-301F-11D3-BF4B-00C04F79EFBC}") = "VRM", "VRM.csproj", "{85146447-C93B-6D15-E50F-8CD6EF83510E}"
EndProject
Project("{FAE04EC0-301F-11D3-BF4B-00C04F79EFBC}") = "Assembly-CSharp", "Assembly-CSharp.csproj", "{24A30065-FDF2-9962-CEB7-76EF83667D84}"
EndProject
Project("{FAE04EC0-301F-11D3-BF4B-00C04F79EFBC}") = "UniGLTF.Tests", "UniGLTF.Tests.csproj", "{B9C6F864-C841-C123-C881-8263DFD639F1}"
EndProject
Project("{FAE04EC0-301F-11D3-BF4B-00C04F79EFBC}") = "MToon", "MToon.csproj", "{11FEBEA4-878C-EEB9-2E06-AA44B0D7BC7A}"
EndProject
Project("{FAE04EC0-301F-11D3-BF4B-00C04F79EFBC}") = "UniVRM.Editor", "UniVRM.Editor.csproj", "{7A87D159-3FAF-4AF6-C351-EBDB72CE1C20}"
EndProject
Project("{FAE04EC0-301F-11D3-BF4B-00C04F79EFBC}") = "VRM.Tests", "VRM.Tests.csproj", "{FBD40B52-7C71-CDA7-6969-C4151E69EA8C}"
EndProject
Project("{FAE04EC0-301F-11D3-BF4B-00C04F79EFBC}") = "MToon.Editor", "MToon.Editor.csproj", "{7B35FFDA-F9DC-866A-2F53-2C01B035EC91}"
EndProject
Project("{FAE04EC0-301F-11D3-BF4B-00C04F79EFBC}") = "UniHumanoid.Editor", "UniHumanoid.Editor.csproj", "{8FA9D23A-7215-1233-1681-C48AE7A0E76E}"
EndProject
Project("{FAE04EC0-301F-11D3-BF4B-00C04F79EFBC}") = "VRM.Samples.Editor.Tests", "VRM.Samples.Editor.Tests.csproj", "{984AAD5A-9CFC-A419-4237-590A2029F48D}"
EndProject
Project("{FAE04EC0-301F-11D3-BF4B-00C04F79EFBC}") = "UniGLTF.UniUnlit", "UniGLTF.UniUnlit.csproj", "{1A27280B-DB08-E485-81AC-EB6745AFA249}"
EndProject
Project("{FAE04EC0-301F-11D3-BF4B-00C04F79EFBC}") = "UniHumanoid.Editor.Tests", "UniHumanoid.Editor.Tests.csproj", "{908A21B9-4A0E-18C4-CE8F-463A86FEB77D}"
EndProject
Project("{FAE04EC0-301F-11D3-BF4B-00C04F79EFBC}") = "UniGLTF.UniUnlit.Editor", "UniGLTF.UniUnlit.Editor.csproj", "{FE1E47FE-99A6-AE06-D6DD-08A0B920DC4D}"
EndProject
Project("{FAE04EC0-301F-11D3-BF4B-00C04F79EFBC}") = "UniGLTF.Utils", "UniGLTF.Utils.csproj", "{A16C52E5-7FF5-9325-5019-22413ACC6D86}"
EndProject
Global
	GlobalSection(SolutionConfigurationPlatforms) = preSolution
		Debug|Any CPU = Debug|Any CPU
		Release|Any CPU = Release|Any CPU
	EndGlobalSection
	GlobalSection(ProjectConfigurationPlatforms) = postSolution
		{9E7027EB-8813-9814-0628-50320E6BDA0B}.Debug|Any CPU.ActiveCfg = Debug|Any CPU
		{9E7027EB-8813-9814-0628-50320E6BDA0B}.Debug|Any CPU.Build.0 = Debug|Any CPU
		{9E7027EB-8813-9814-0628-50320E6BDA0B}.Release|Any CPU.ActiveCfg = Release|Any CPU
		{9E7027EB-8813-9814-0628-50320E6BDA0B}.Release|Any CPU.Build.0 = Release|Any CPU
		{DBD2F5FA-621C-329D-9071-9844BD42216C}.Debug|Any CPU.ActiveCfg = Debug|Any CPU
		{DBD2F5FA-621C-329D-9071-9844BD42216C}.Debug|Any CPU.Build.0 = Debug|Any CPU
		{DBD2F5FA-621C-329D-9071-9844BD42216C}.Release|Any CPU.ActiveCfg = Release|Any CPU
		{DBD2F5FA-621C-329D-9071-9844BD42216C}.Release|Any CPU.Build.0 = Release|Any CPU
		{5446A7E8-CFEC-402D-050F-551BDB2A898E}.Debug|Any CPU.ActiveCfg = Debug|Any CPU
		{5446A7E8-CFEC-402D-050F-551BDB2A898E}.Debug|Any CPU.Build.0 = Debug|Any CPU
		{5446A7E8-CFEC-402D-050F-551BDB2A898E}.Release|Any CPU.ActiveCfg = Release|Any CPU
		{5446A7E8-CFEC-402D-050F-551BDB2A898E}.Release|Any CPU.Build.0 = Release|Any CPU
		{3EE864FE-BC88-39BB-4A79-CC2CD1068A29}.Debug|Any CPU.ActiveCfg = Debug|Any CPU
		{3EE864FE-BC88-39BB-4A79-CC2CD1068A29}.Debug|Any CPU.Build.0 = Debug|Any CPU
		{3EE864FE-BC88-39BB-4A79-CC2CD1068A29}.Release|Any CPU.ActiveCfg = Release|Any CPU
		{3EE864FE-BC88-39BB-4A79-CC2CD1068A29}.Release|Any CPU.Build.0 = Release|Any CPU
		{85146447-C93B-6D15-E50F-8CD6EF83510E}.Debug|Any CPU.ActiveCfg = Debug|Any CPU
		{85146447-C93B-6D15-E50F-8CD6EF83510E}.Debug|Any CPU.Build.0 = Debug|Any CPU
		{85146447-C93B-6D15-E50F-8CD6EF83510E}.Release|Any CPU.ActiveCfg = Release|Any CPU
		{85146447-C93B-6D15-E50F-8CD6EF83510E}.Release|Any CPU.Build.0 = Release|Any CPU
		{24A30065-FDF2-9962-CEB7-76EF83667D84}.Debug|Any CPU.ActiveCfg = Debug|Any CPU
		{24A30065-FDF2-9962-CEB7-76EF83667D84}.Debug|Any CPU.Build.0 = Debug|Any CPU
		{24A30065-FDF2-9962-CEB7-76EF83667D84}.Release|Any CPU.ActiveCfg = Release|Any CPU
		{24A30065-FDF2-9962-CEB7-76EF83667D84}.Release|Any CPU.Build.0 = Release|Any CPU
		{B9C6F864-C841-C123-C881-8263DFD639F1}.Debug|Any CPU.ActiveCfg = Debug|Any CPU
		{B9C6F864-C841-C123-C881-8263DFD639F1}.Debug|Any CPU.Build.0 = Debug|Any CPU
		{B9C6F864-C841-C123-C881-8263DFD639F1}.Release|Any CPU.ActiveCfg = Release|Any CPU
		{B9C6F864-C841-C123-C881-8263DFD639F1}.Release|Any CPU.Build.0 = Release|Any CPU
		{11FEBEA4-878C-EEB9-2E06-AA44B0D7BC7A}.Debug|Any CPU.ActiveCfg = Debug|Any CPU
		{11FEBEA4-878C-EEB9-2E06-AA44B0D7BC7A}.Debug|Any CPU.Build.0 = Debug|Any CPU
		{11FEBEA4-878C-EEB9-2E06-AA44B0D7BC7A}.Release|Any CPU.ActiveCfg = Release|Any CPU
		{11FEBEA4-878C-EEB9-2E06-AA44B0D7BC7A}.Release|Any CPU.Build.0 = Release|Any CPU
		{7A87D159-3FAF-4AF6-C351-EBDB72CE1C20}.Debug|Any CPU.ActiveCfg = Debug|Any CPU
		{7A87D159-3FAF-4AF6-C351-EBDB72CE1C20}.Debug|Any CPU.Build.0 = Debug|Any CPU
		{7A87D159-3FAF-4AF6-C351-EBDB72CE1C20}.Release|Any CPU.ActiveCfg = Release|Any CPU
		{7A87D159-3FAF-4AF6-C351-EBDB72CE1C20}.Release|Any CPU.Build.0 = Release|Any CPU
		{FBD40B52-7C71-CDA7-6969-C4151E69EA8C}.Debug|Any CPU.ActiveCfg = Debug|Any CPU
		{FBD40B52-7C71-CDA7-6969-C4151E69EA8C}.Debug|Any CPU.Build.0 = Debug|Any CPU
		{FBD40B52-7C71-CDA7-6969-C4151E69EA8C}.Release|Any CPU.ActiveCfg = Release|Any CPU
		{FBD40B52-7C71-CDA7-6969-C4151E69EA8C}.Release|Any CPU.Build.0 = Release|Any CPU
		{7B35FFDA-F9DC-866A-2F53-2C01B035EC91}.Debug|Any CPU.ActiveCfg = Debug|Any CPU
		{7B35FFDA-F9DC-866A-2F53-2C01B035EC91}.Debug|Any CPU.Build.0 = Debug|Any CPU
		{7B35FFDA-F9DC-866A-2F53-2C01B035EC91}.Release|Any CPU.ActiveCfg = Release|Any CPU
		{7B35FFDA-F9DC-866A-2F53-2C01B035EC91}.Release|Any CPU.Build.0 = Release|Any CPU
		{8FA9D23A-7215-1233-1681-C48AE7A0E76E}.Debug|Any CPU.ActiveCfg = Debug|Any CPU
		{8FA9D23A-7215-1233-1681-C48AE7A0E76E}.Debug|Any CPU.Build.0 = Debug|Any CPU
		{8FA9D23A-7215-1233-1681-C48AE7A0E76E}.Release|Any CPU.ActiveCfg = Release|Any CPU
		{8FA9D23A-7215-1233-1681-C48AE7A0E76E}.Release|Any CPU.Build.0 = Release|Any CPU
		{984AAD5A-9CFC-A419-4237-590A2029F48D}.Debug|Any CPU.ActiveCfg = Debug|Any CPU
		{984AAD5A-9CFC-A419-4237-590A2029F48D}.Debug|Any CPU.Build.0 = Debug|Any CPU
		{984AAD5A-9CFC-A419-4237-590A2029F48D}.Release|Any CPU.ActiveCfg = Release|Any CPU
		{984AAD5A-9CFC-A419-4237-590A2029F48D}.Release|Any CPU.Build.0 = Release|Any CPU
		{1A27280B-DB08-E485-81AC-EB6745AFA249}.Debug|Any CPU.ActiveCfg = Debug|Any CPU
		{1A27280B-DB08-E485-81AC-EB6745AFA249}.Debug|Any CPU.Build.0 = Debug|Any CPU
		{1A27280B-DB08-E485-81AC-EB6745AFA249}.Release|Any CPU.ActiveCfg = Release|Any CPU
		{1A27280B-DB08-E485-81AC-EB6745AFA249}.Release|Any CPU.Build.0 = Release|Any CPU
		{908A21B9-4A0E-18C4-CE8F-463A86FEB77D}.Debug|Any CPU.ActiveCfg = Debug|Any CPU
		{908A21B9-4A0E-18C4-CE8F-463A86FEB77D}.Debug|Any CPU.Build.0 = Debug|Any CPU
		{908A21B9-4A0E-18C4-CE8F-463A86FEB77D}.Release|Any CPU.ActiveCfg = Release|Any CPU
		{908A21B9-4A0E-18C4-CE8F-463A86FEB77D}.Release|Any CPU.Build.0 = Release|Any CPU
		{FE1E47FE-99A6-AE06-D6DD-08A0B920DC4D}.Debug|Any CPU.ActiveCfg = Debug|Any CPU
		{FE1E47FE-99A6-AE06-D6DD-08A0B920DC4D}.Debug|Any CPU.Build.0 = Debug|Any CPU
		{FE1E47FE-99A6-AE06-D6DD-08A0B920DC4D}.Release|Any CPU.ActiveCfg = Release|Any CPU
		{FE1E47FE-99A6-AE06-D6DD-08A0B920DC4D}.Release|Any CPU.Build.0 = Release|Any CPU
		{A16C52E5-7FF5-9325-5019-22413ACC6D86}.Debug|Any CPU.ActiveCfg = Debug|Any CPU
		{A16C52E5-7FF5-9325-5019-22413ACC6D86}.Debug|Any CPU.Build.0 = Debug|Any CPU
		{A16C52E5-7FF5-9325-5019-22413ACC6D86}.Release|Any CPU.ActiveCfg = Release|Any CPU
		{A16C52E5-7FF5-9325-5019-22413ACC6D86}.Release|Any CPU.Build.0 = Release|Any CPU
	EndGlobalSection
	GlobalSection(SolutionProperties) = preSolution
		HideSolutionNode = FALSE
	EndGlobalSection
EndGlobal
