
Microsoft Visual Studio Solution File, Format Version 12.00
# Visual Studio 15
Project("{FAE04EC0-301F-11D3-BF4B-00C04F79EFBC}") = "UniHumanoid", "UniHumanoid.csproj", "{3256A543-BA04-7040-2B99-2E2762DC5CC8}"
EndProject
Project("{FAE04EC0-301F-11D3-BF4B-00C04F79EFBC}") = "SpringBoneJobs", "SpringBoneJobs.csproj", "{C4874CDD-AC2F-77FB-7E4A-F58735830129}"
EndProject
Project("{FAE04EC0-301F-11D3-BF4B-00C04F79EFBC}") = "UniGLTF.Editor", "UniGLTF.Editor.csproj", "{8DF04E54-B404-1A56-AAE3-5C8ED7A9EFDB}"
EndProject
Project("{FAE04EC0-301F-11D3-BF4B-00C04F79EFBC}") = "UniGLTF", "UniGLTF.csproj", "{37CB8A5E-C9DC-3002-BFB8-686097BD9059}"
EndProject
Project("{FAE04EC0-301F-11D3-BF4B-00C04F79EFBC}") = "VRM", "VRM.csproj", "{64F5CD92-8A89-5C8A-FE27-C3F9D09BC9A7}"
EndProject
Project("{FAE04EC0-301F-11D3-BF4B-00C04F79EFBC}") = "Assembly-CSharp", "Assembly-CSharp.csproj", "{E5C00A68-E6DB-FEA3-938C-F34D364EA738}"
EndProject
Project("{FAE04EC0-301F-11D3-BF4B-00C04F79EFBC}") = "UniGLTF.Tests", "UniGLTF.Tests.csproj", "{A0501E1A-7269-E9FC-1DE7-AF4040109B4E}"
EndProject
Project("{FAE04EC0-301F-11D3-BF4B-00C04F79EFBC}") = "MToon", "MToon.csproj", "{15574782-1749-F8AF-4B90-BCFC124D5C3F}"
EndProject
Project("{FAE04EC0-301F-11D3-BF4B-00C04F79EFBC}") = "UniVRM.Editor", "UniVRM.Editor.csproj", "{3F9DBD9A-E16B-C233-7BE8-304651BD794E}"
EndProject
Project("{FAE04EC0-301F-11D3-BF4B-00C04F79EFBC}") = "VRM.Tests", "VRM.Tests.csproj", "{988E5D29-13A7-AF02-9781-0C744C82E9C9}"
EndProject
Project("{FAE04EC0-301F-11D3-BF4B-00C04F79EFBC}") = "MToon.Editor", "MToon.Editor.csproj", "{41E044A3-C658-9BD0-7747-58F22EF9231D}"
EndProject
Project("{FAE04EC0-301F-11D3-BF4B-00C04F79EFBC}") = "UniHumanoid.Editor", "UniHumanoid.Editor.csproj", "{A2D47746-13CD-7AEE-0217-EDA30B9475D2}"
EndProject
Project("{FAE04EC0-301F-11D3-BF4B-00C04F79EFBC}") = "VRM.Samples.Editor.Tests", "VRM.Samples.Editor.Tests.csproj", "{E2CDE562-DE00-35DD-0512-4F98C3217267}"
EndProject
Project("{FAE04EC0-301F-11D3-BF4B-00C04F79EFBC}") = "UniGLTF.UniUnlit", "UniGLTF.UniUnlit.csproj", "{305677C9-7BC3-E97F-BDE0-CB2BCA30926F}"
EndProject
Project("{FAE04EC0-301F-11D3-BF4B-00C04F79EFBC}") = "UniHumanoid.Editor.Tests", "UniHumanoid.Editor.Tests.csproj", "{5E9CC073-B93E-7B6D-2CCE-8311AABB782C}"
EndProject
Project("{FAE04EC0-301F-11D3-BF4B-00C04F79EFBC}") = "UniGLTF.UniUnlit.Editor", "UniGLTF.UniUnlit.Editor.csproj", "{C4A63DB9-BE92-08B3-1807-75560FE27A07}"
EndProject
Project("{FAE04EC0-301F-11D3-BF4B-00C04F79EFBC}") = "UniGLTF.Utils", "UniGLTF.Utils.csproj", "{8D4C48CE-C384-A249-A430-88ACFDDFBAE6}"
EndProject
Global
	GlobalSection(SolutionConfigurationPlatforms) = preSolution
		Debug|Any CPU = Debug|Any CPU
		Release|Any CPU = Release|Any CPU
	EndGlobalSection
	GlobalSection(ProjectConfigurationPlatforms) = postSolution
		{3256A543-BA04-7040-2B99-2E2762DC5CC8}.Debug|Any CPU.ActiveCfg = Debug|Any CPU
		{3256A543-BA04-7040-2B99-2E2762DC5CC8}.Debug|Any CPU.Build.0 = Debug|Any CPU
		{3256A543-BA04-7040-2B99-2E2762DC5CC8}.Release|Any CPU.ActiveCfg = Release|Any CPU
		{3256A543-BA04-7040-2B99-2E2762DC5CC8}.Release|Any CPU.Build.0 = Release|Any CPU
		{C4874CDD-AC2F-77FB-7E4A-F58735830129}.Debug|Any CPU.ActiveCfg = Debug|Any CPU
		{C4874CDD-AC2F-77FB-7E4A-F58735830129}.Debug|Any CPU.Build.0 = Debug|Any CPU
		{C4874CDD-AC2F-77FB-7E4A-F58735830129}.Release|Any CPU.ActiveCfg = Release|Any CPU
		{C4874CDD-AC2F-77FB-7E4A-F58735830129}.Release|Any CPU.Build.0 = Release|Any CPU
		{8DF04E54-B404-1A56-AAE3-5C8ED7A9EFDB}.Debug|Any CPU.ActiveCfg = Debug|Any CPU
		{8DF04E54-B404-1A56-AAE3-5C8ED7A9EFDB}.Debug|Any CPU.Build.0 = Debug|Any CPU
		{8DF04E54-B404-1A56-AAE3-5C8ED7A9EFDB}.Release|Any CPU.ActiveCfg = Release|Any CPU
		{8DF04E54-B404-1A56-AAE3-5C8ED7A9EFDB}.Release|Any CPU.Build.0 = Release|Any CPU
		{37CB8A5E-C9DC-3002-BFB8-686097BD9059}.Debug|Any CPU.ActiveCfg = Debug|Any CPU
		{37CB8A5E-C9DC-3002-BFB8-686097BD9059}.Debug|Any CPU.Build.0 = Debug|Any CPU
		{37CB8A5E-C9DC-3002-BFB8-686097BD9059}.Release|Any CPU.ActiveCfg = Release|Any CPU
		{37CB8A5E-C9DC-3002-BFB8-686097BD9059}.Release|Any CPU.Build.0 = Release|Any CPU
		{64F5CD92-8A89-5C8A-FE27-C3F9D09BC9A7}.Debug|Any CPU.ActiveCfg = Debug|Any CPU
		{64F5CD92-8A89-5C8A-FE27-C3F9D09BC9A7}.Debug|Any CPU.Build.0 = Debug|Any CPU
		{64F5CD92-8A89-5C8A-FE27-C3F9D09BC9A7}.Release|Any CPU.ActiveCfg = Release|Any CPU
		{64F5CD92-8A89-5C8A-FE27-C3F9D09BC9A7}.Release|Any CPU.Build.0 = Release|Any CPU
		{E5C00A68-E6DB-FEA3-938C-F34D364EA738}.Debug|Any CPU.ActiveCfg = Debug|Any CPU
		{E5C00A68-E6DB-FEA3-938C-F34D364EA738}.Debug|Any CPU.Build.0 = Debug|Any CPU
		{E5C00A68-E6DB-FEA3-938C-F34D364EA738}.Release|Any CPU.ActiveCfg = Release|Any CPU
		{E5C00A68-E6DB-FEA3-938C-F34D364EA738}.Release|Any CPU.Build.0 = Release|Any CPU
		{A0501E1A-7269-E9FC-1DE7-AF4040109B4E}.Debug|Any CPU.ActiveCfg = Debug|Any CPU
		{A0501E1A-7269-E9FC-1DE7-AF4040109B4E}.Debug|Any CPU.Build.0 = Debug|Any CPU
		{A0501E1A-7269-E9FC-1DE7-AF4040109B4E}.Release|Any CPU.ActiveCfg = Release|Any CPU
		{A0501E1A-7269-E9FC-1DE7-AF4040109B4E}.Release|Any CPU.Build.0 = Release|Any CPU
		{15574782-1749-F8AF-4B90-BCFC124D5C3F}.Debug|Any CPU.ActiveCfg = Debug|Any CPU
		{15574782-1749-F8AF-4B90-BCFC124D5C3F}.Debug|Any CPU.Build.0 = Debug|Any CPU
		{15574782-1749-F8AF-4B90-BCFC124D5C3F}.Release|Any CPU.ActiveCfg = Release|Any CPU
		{15574782-1749-F8AF-4B90-BCFC124D5C3F}.Release|Any CPU.Build.0 = Release|Any CPU
		{3F9DBD9A-E16B-C233-7BE8-304651BD794E}.Debug|Any CPU.ActiveCfg = Debug|Any CPU
		{3F9DBD9A-E16B-C233-7BE8-304651BD794E}.Debug|Any CPU.Build.0 = Debug|Any CPU
		{3F9DBD9A-E16B-C233-7BE8-304651BD794E}.Release|Any CPU.ActiveCfg = Release|Any CPU
		{3F9DBD9A-E16B-C233-7BE8-304651BD794E}.Release|Any CPU.Build.0 = Release|Any CPU
		{988E5D29-13A7-AF02-9781-0C744C82E9C9}.Debug|Any CPU.ActiveCfg = Debug|Any CPU
		{988E5D29-13A7-AF02-9781-0C744C82E9C9}.Debug|Any CPU.Build.0 = Debug|Any CPU
		{988E5D29-13A7-AF02-9781-0C744C82E9C9}.Release|Any CPU.ActiveCfg = Release|Any CPU
		{988E5D29-13A7-AF02-9781-0C744C82E9C9}.Release|Any CPU.Build.0 = Release|Any CPU
		{41E044A3-C658-9BD0-7747-58F22EF9231D}.Debug|Any CPU.ActiveCfg = Debug|Any CPU
		{41E044A3-C658-9BD0-7747-58F22EF9231D}.Debug|Any CPU.Build.0 = Debug|Any CPU
		{41E044A3-C658-9BD0-7747-58F22EF9231D}.Release|Any CPU.ActiveCfg = Release|Any CPU
		{41E044A3-C658-9BD0-7747-58F22EF9231D}.Release|Any CPU.Build.0 = Release|Any CPU
		{A2D47746-13CD-7AEE-0217-EDA30B9475D2}.Debug|Any CPU.ActiveCfg = Debug|Any CPU
		{A2D47746-13CD-7AEE-0217-EDA30B9475D2}.Debug|Any CPU.Build.0 = Debug|Any CPU
		{A2D47746-13CD-7AEE-0217-EDA30B9475D2}.Release|Any CPU.ActiveCfg = Release|Any CPU
		{A2D47746-13CD-7AEE-0217-EDA30B9475D2}.Release|Any CPU.Build.0 = Release|Any CPU
		{E2CDE562-DE00-35DD-0512-4F98C3217267}.Debug|Any CPU.ActiveCfg = Debug|Any CPU
		{E2CDE562-DE00-35DD-0512-4F98C3217267}.Debug|Any CPU.Build.0 = Debug|Any CPU
		{E2CDE562-DE00-35DD-0512-4F98C3217267}.Release|Any CPU.ActiveCfg = Release|Any CPU
		{E2CDE562-DE00-35DD-0512-4F98C3217267}.Release|Any CPU.Build.0 = Release|Any CPU
		{305677C9-7BC3-E97F-BDE0-CB2BCA30926F}.Debug|Any CPU.ActiveCfg = Debug|Any CPU
		{305677C9-7BC3-E97F-BDE0-CB2BCA30926F}.Debug|Any CPU.Build.0 = Debug|Any CPU
		{305677C9-7BC3-E97F-BDE0-CB2BCA30926F}.Release|Any CPU.ActiveCfg = Release|Any CPU
		{305677C9-7BC3-E97F-BDE0-CB2BCA30926F}.Release|Any CPU.Build.0 = Release|Any CPU
		{5E9CC073-B93E-7B6D-2CCE-8311AABB782C}.Debug|Any CPU.ActiveCfg = Debug|Any CPU
		{5E9CC073-B93E-7B6D-2CCE-8311AABB782C}.Debug|Any CPU.Build.0 = Debug|Any CPU
		{5E9CC073-B93E-7B6D-2CCE-8311AABB782C}.Release|Any CPU.ActiveCfg = Release|Any CPU
		{5E9CC073-B93E-7B6D-2CCE-8311AABB782C}.Release|Any CPU.Build.0 = Release|Any CPU
		{C4A63DB9-BE92-08B3-1807-75560FE27A07}.Debug|Any CPU.ActiveCfg = Debug|Any CPU
		{C4A63DB9-BE92-08B3-1807-75560FE27A07}.Debug|Any CPU.Build.0 = Debug|Any CPU
		{C4A63DB9-BE92-08B3-1807-75560FE27A07}.Release|Any CPU.ActiveCfg = Release|Any CPU
		{C4A63DB9-BE92-08B3-1807-75560FE27A07}.Release|Any CPU.Build.0 = Release|Any CPU
		{8D4C48CE-C384-A249-A430-88ACFDDFBAE6}.Debug|Any CPU.ActiveCfg = Debug|Any CPU
		{8D4C48CE-C384-A249-A430-88ACFDDFBAE6}.Debug|Any CPU.Build.0 = Debug|Any CPU
		{8D4C48CE-C384-A249-A430-88ACFDDFBAE6}.Release|Any CPU.ActiveCfg = Release|Any CPU
		{8D4C48CE-C384-A249-A430-88ACFDDFBAE6}.Release|Any CPU.Build.0 = Release|Any CPU
	EndGlobalSection
	GlobalSection(SolutionProperties) = preSolution
		HideSolutionNode = FALSE
	EndGlobalSection
EndGlobal
