
Microsoft Visual Studio Solution File, Format Version 12.00
# Visual Studio 15
Project("{FAE04EC0-301F-11D3-BF4B-00C04F79EFBC}") = "UniHumanoid", "UniHumanoid.csproj", "{C2392EE4-DE52-3FAF-187A-260AE9062E34}"
EndProject
Project("{FAE04EC0-301F-11D3-BF4B-00C04F79EFBC}") = "SpringBoneJobs", "SpringBoneJobs.csproj", "{1628AF2D-4A8B-98CD-879E-B97EF4ACF4A6}"
EndProject
Project("{FAE04EC0-301F-11D3-BF4B-00C04F79EFBC}") = "UniGLTF.Editor", "UniGLTF.Editor.csproj", "{00803BB1-3E66-A3BF-1AE5-F5F8602D04BF}"
EndProject
Project("{FAE04EC0-301F-11D3-BF4B-00C04F79EFBC}") = "UniGLTF", "UniGLTF.csproj", "{2F654081-7DC1-7747-EBCB-0975800F30AC}"
EndProject
Project("{FAE04EC0-301F-11D3-BF4B-00C04F79EFBC}") = "VRM", "VRM.csproj", "{792F3206-E028-3394-2523-15535A67C636}"
EndProject
Project("{FAE04EC0-301F-11D3-BF4B-00C04F79EFBC}") = "UniGLTF.Tests", "UniGLTF.Tests.csproj", "{98D8F109-DC29-8A82-AF58-E973CEF0CC1A}"
EndProject
Project("{FAE04EC0-301F-11D3-BF4B-00C04F79EFBC}") = "MToon", "MToon.csproj", "{9AF33871-9DA2-84B7-D68B-5A6837875876}"
EndProject
Project("{FAE04EC0-301F-11D3-BF4B-00C04F79EFBC}") = "UniVRM.Editor", "UniVRM.Editor.csproj", "{15D1AFF2-BC2F-C6A2-8468-E9563C05CC01}"
EndProject
Project("{FAE04EC0-301F-11D3-BF4B-00C04F79EFBC}") = "VRM.Tests", "VRM.Tests.csproj", "{C71D0F47-DDD6-2CB9-C9ED-2A0CEAA2883A}"
EndProject
Project("{FAE04EC0-301F-11D3-BF4B-00C04F79EFBC}") = "MToon.Editor", "MToon.Editor.csproj", "{6A195DED-0EC1-BFA6-B1B3-E032E2E1D4D3}"
EndProject
Project("{FAE04EC0-301F-11D3-BF4B-00C04F79EFBC}") = "UniHumanoid.Editor", "UniHumanoid.Editor.csproj", "{DD787C49-0E32-A54E-E21E-8B79962F221E}"
EndProject
Project("{FAE04EC0-301F-11D3-BF4B-00C04F79EFBC}") = "VRM.Samples.Editor.Tests", "VRM.Samples.Editor.Tests.csproj", "{0E1FF257-6FC9-5986-D1AD-2E64BC634C5A}"
EndProject
Project("{FAE04EC0-301F-11D3-BF4B-00C04F79EFBC}") = "UniGLTF.UniUnlit", "UniGLTF.UniUnlit.csproj", "{7EF9DB32-8DC1-76A2-3B4B-93DC532F17D9}"
EndProject
Project("{FAE04EC0-301F-11D3-BF4B-00C04F79EFBC}") = "Assembly-CSharp", "Assembly-CSharp.csproj", "{65CF7C13-0E4C-8B51-6DD3-F22CFA795186}"
EndProject
Project("{FAE04EC0-301F-11D3-BF4B-00C04F79EFBC}") = "UniHumanoid.Editor.Tests", "UniHumanoid.Editor.Tests.csproj", "{C9D4D096-5851-430F-30ED-CA030F1965BA}"
EndProject
Project("{FAE04EC0-301F-11D3-BF4B-00C04F79EFBC}") = "UniGLTF.UniUnlit.Editor", "UniGLTF.UniUnlit.Editor.csproj", "{751EE767-C4A9-BAA1-9C20-0CD31626856C}"
EndProject
Project("{FAE04EC0-301F-11D3-BF4B-00C04F79EFBC}") = "UniGLTF.Utils", "UniGLTF.Utils.csproj", "{06F06831-6847-8B32-A8F9-6BA5CC4954B2}"
EndProject
Global
	GlobalSection(SolutionConfigurationPlatforms) = preSolution
		Debug|Any CPU = Debug|Any CPU
		Release|Any CPU = Release|Any CPU
	EndGlobalSection
	GlobalSection(ProjectConfigurationPlatforms) = postSolution
		{C2392EE4-DE52-3FAF-187A-260AE9062E34}.Debug|Any CPU.ActiveCfg = Debug|Any CPU
		{C2392EE4-DE52-3FAF-187A-260AE9062E34}.Debug|Any CPU.Build.0 = Debug|Any CPU
		{C2392EE4-DE52-3FAF-187A-260AE9062E34}.Release|Any CPU.ActiveCfg = Release|Any CPU
		{C2392EE4-DE52-3FAF-187A-260AE9062E34}.Release|Any CPU.Build.0 = Release|Any CPU
		{1628AF2D-4A8B-98CD-879E-B97EF4ACF4A6}.Debug|Any CPU.ActiveCfg = Debug|Any CPU
		{1628AF2D-4A8B-98CD-879E-B97EF4ACF4A6}.Debug|Any CPU.Build.0 = Debug|Any CPU
		{1628AF2D-4A8B-98CD-879E-B97EF4ACF4A6}.Release|Any CPU.ActiveCfg = Release|Any CPU
		{1628AF2D-4A8B-98CD-879E-B97EF4ACF4A6}.Release|Any CPU.Build.0 = Release|Any CPU
		{00803BB1-3E66-A3BF-1AE5-F5F8602D04BF}.Debug|Any CPU.ActiveCfg = Debug|Any CPU
		{00803BB1-3E66-A3BF-1AE5-F5F8602D04BF}.Debug|Any CPU.Build.0 = Debug|Any CPU
		{00803BB1-3E66-A3BF-1AE5-F5F8602D04BF}.Release|Any CPU.ActiveCfg = Release|Any CPU
		{00803BB1-3E66-A3BF-1AE5-F5F8602D04BF}.Release|Any CPU.Build.0 = Release|Any CPU
		{2F654081-7DC1-7747-EBCB-0975800F30AC}.Debug|Any CPU.ActiveCfg = Debug|Any CPU
		{2F654081-7DC1-7747-EBCB-0975800F30AC}.Debug|Any CPU.Build.0 = Debug|Any CPU
		{2F654081-7DC1-7747-EBCB-0975800F30AC}.Release|Any CPU.ActiveCfg = Release|Any CPU
		{2F654081-7DC1-7747-EBCB-0975800F30AC}.Release|Any CPU.Build.0 = Release|Any CPU
		{792F3206-E028-3394-2523-15535A67C636}.Debug|Any CPU.ActiveCfg = Debug|Any CPU
		{792F3206-E028-3394-2523-15535A67C636}.Debug|Any CPU.Build.0 = Debug|Any CPU
		{792F3206-E028-3394-2523-15535A67C636}.Release|Any CPU.ActiveCfg = Release|Any CPU
		{792F3206-E028-3394-2523-15535A67C636}.Release|Any CPU.Build.0 = Release|Any CPU
		{98D8F109-DC29-8A82-AF58-E973CEF0CC1A}.Debug|Any CPU.ActiveCfg = Debug|Any CPU
		{98D8F109-DC29-8A82-AF58-E973CEF0CC1A}.Debug|Any CPU.Build.0 = Debug|Any CPU
		{98D8F109-DC29-8A82-AF58-E973CEF0CC1A}.Release|Any CPU.ActiveCfg = Release|Any CPU
		{98D8F109-DC29-8A82-AF58-E973CEF0CC1A}.Release|Any CPU.Build.0 = Release|Any CPU
		{9AF33871-9DA2-84B7-D68B-5A6837875876}.Debug|Any CPU.ActiveCfg = Debug|Any CPU
		{9AF33871-9DA2-84B7-D68B-5A6837875876}.Debug|Any CPU.Build.0 = Debug|Any CPU
		{9AF33871-9DA2-84B7-D68B-5A6837875876}.Release|Any CPU.ActiveCfg = Release|Any CPU
		{9AF33871-9DA2-84B7-D68B-5A6837875876}.Release|Any CPU.Build.0 = Release|Any CPU
		{15D1AFF2-BC2F-C6A2-8468-E9563C05CC01}.Debug|Any CPU.ActiveCfg = Debug|Any CPU
		{15D1AFF2-BC2F-C6A2-8468-E9563C05CC01}.Debug|Any CPU.Build.0 = Debug|Any CPU
		{15D1AFF2-BC2F-C6A2-8468-E9563C05CC01}.Release|Any CPU.ActiveCfg = Release|Any CPU
		{15D1AFF2-BC2F-C6A2-8468-E9563C05CC01}.Release|Any CPU.Build.0 = Release|Any CPU
		{C71D0F47-DDD6-2CB9-C9ED-2A0CEAA2883A}.Debug|Any CPU.ActiveCfg = Debug|Any CPU
		{C71D0F47-DDD6-2CB9-C9ED-2A0CEAA2883A}.Debug|Any CPU.Build.0 = Debug|Any CPU
		{C71D0F47-DDD6-2CB9-C9ED-2A0CEAA2883A}.Release|Any CPU.ActiveCfg = Release|Any CPU
		{C71D0F47-DDD6-2CB9-C9ED-2A0CEAA2883A}.Release|Any CPU.Build.0 = Release|Any CPU
		{6A195DED-0EC1-BFA6-B1B3-E032E2E1D4D3}.Debug|Any CPU.ActiveCfg = Debug|Any CPU
		{6A195DED-0EC1-BFA6-B1B3-E032E2E1D4D3}.Debug|Any CPU.Build.0 = Debug|Any CPU
		{6A195DED-0EC1-BFA6-B1B3-E032E2E1D4D3}.Release|Any CPU.ActiveCfg = Release|Any CPU
		{6A195DED-0EC1-BFA6-B1B3-E032E2E1D4D3}.Release|Any CPU.Build.0 = Release|Any CPU
		{DD787C49-0E32-A54E-E21E-8B79962F221E}.Debug|Any CPU.ActiveCfg = Debug|Any CPU
		{DD787C49-0E32-A54E-E21E-8B79962F221E}.Debug|Any CPU.Build.0 = Debug|Any CPU
		{DD787C49-0E32-A54E-E21E-8B79962F221E}.Release|Any CPU.ActiveCfg = Release|Any CPU
		{DD787C49-0E32-A54E-E21E-8B79962F221E}.Release|Any CPU.Build.0 = Release|Any CPU
		{0E1FF257-6FC9-5986-D1AD-2E64BC634C5A}.Debug|Any CPU.ActiveCfg = Debug|Any CPU
		{0E1FF257-6FC9-5986-D1AD-2E64BC634C5A}.Debug|Any CPU.Build.0 = Debug|Any CPU
		{0E1FF257-6FC9-5986-D1AD-2E64BC634C5A}.Release|Any CPU.ActiveCfg = Release|Any CPU
		{0E1FF257-6FC9-5986-D1AD-2E64BC634C5A}.Release|Any CPU.Build.0 = Release|Any CPU
		{7EF9DB32-8DC1-76A2-3B4B-93DC532F17D9}.Debug|Any CPU.ActiveCfg = Debug|Any CPU
		{7EF9DB32-8DC1-76A2-3B4B-93DC532F17D9}.Debug|Any CPU.Build.0 = Debug|Any CPU
		{7EF9DB32-8DC1-76A2-3B4B-93DC532F17D9}.Release|Any CPU.ActiveCfg = Release|Any CPU
		{7EF9DB32-8DC1-76A2-3B4B-93DC532F17D9}.Release|Any CPU.Build.0 = Release|Any CPU
		{65CF7C13-0E4C-8B51-6DD3-F22CFA795186}.Debug|Any CPU.ActiveCfg = Debug|Any CPU
		{65CF7C13-0E4C-8B51-6DD3-F22CFA795186}.Debug|Any CPU.Build.0 = Debug|Any CPU
		{65CF7C13-0E4C-8B51-6DD3-F22CFA795186}.Release|Any CPU.ActiveCfg = Release|Any CPU
		{65CF7C13-0E4C-8B51-6DD3-F22CFA795186}.Release|Any CPU.Build.0 = Release|Any CPU
		{C9D4D096-5851-430F-30ED-CA030F1965BA}.Debug|Any CPU.ActiveCfg = Debug|Any CPU
		{C9D4D096-5851-430F-30ED-CA030F1965BA}.Debug|Any CPU.Build.0 = Debug|Any CPU
		{C9D4D096-5851-430F-30ED-CA030F1965BA}.Release|Any CPU.ActiveCfg = Release|Any CPU
		{C9D4D096-5851-430F-30ED-CA030F1965BA}.Release|Any CPU.Build.0 = Release|Any CPU
		{751EE767-C4A9-BAA1-9C20-0CD31626856C}.Debug|Any CPU.ActiveCfg = Debug|Any CPU
		{751EE767-C4A9-BAA1-9C20-0CD31626856C}.Debug|Any CPU.Build.0 = Debug|Any CPU
		{751EE767-C4A9-BAA1-9C20-0CD31626856C}.Release|Any CPU.ActiveCfg = Release|Any CPU
		{751EE767-C4A9-BAA1-9C20-0CD31626856C}.Release|Any CPU.Build.0 = Release|Any CPU
		{06F06831-6847-8B32-A8F9-6BA5CC4954B2}.Debug|Any CPU.ActiveCfg = Debug|Any CPU
		{06F06831-6847-8B32-A8F9-6BA5CC4954B2}.Debug|Any CPU.Build.0 = Debug|Any CPU
		{06F06831-6847-8B32-A8F9-6BA5CC4954B2}.Release|Any CPU.ActiveCfg = Release|Any CPU
		{06F06831-6847-8B32-A8F9-6BA5CC4954B2}.Release|Any CPU.Build.0 = Release|Any CPU
	EndGlobalSection
	GlobalSection(SolutionProperties) = preSolution
		HideSolutionNode = FALSE
	EndGlobalSection
EndGlobal
